
Microsoft Visual Studio Solution File, Format Version 12.00
# Visual Studio Version 17
VisualStudioVersion = 17.14.36414.22 d17.14
MinimumVisualStudioVersion = 10.0.40219.1
Project("{FAE04EC0-301F-11D3-BF4B-00C04F79EFBC}") = "Triangle", "Triangle.csproj", "{642CD61F-FDF0-45EE-B5F3-EDAB268A1F84}"
EndProject
Global
	GlobalSection(SolutionConfigurationPlatforms) = preSolution
		Debug|Any CPU = Debug|Any CPU
		Release|Any CPU = Release|Any CPU
	EndGlobalSection
	GlobalSection(ProjectConfigurationPlatforms) = postSolution
		{642CD61F-FDF0-45EE-B5F3-EDAB268A1F84}.Debug|Any CPU.ActiveCfg = Debug|Any CPU
		{642CD61F-FDF0-45EE-B5F3-EDAB268A1F84}.Debug|Any CPU.Build.0 = Debug|Any CPU
		{642CD61F-FDF0-45EE-B5F3-EDAB268A1F84}.Release|Any CPU.ActiveCfg = Release|Any CPU
		{642CD61F-FDF0-45EE-B5F3-EDAB268A1F84}.Release|Any CPU.Build.0 = Release|Any CPU
	EndGlobalSection
	GlobalSection(SolutionProperties) = preSolution
		HideSolutionNode = FALSE
	EndGlobalSection
	GlobalSection(ExtensibilityGlobals) = postSolution
		SolutionGuid = {F535ED9B-297F-4361-8A53-7B76B84C6C43}
	EndGlobalSection
EndGlobal
