
Microsoft Visual Studio Solution File, Format Version 12.00
# Visual Studio Version 17
VisualStudioVersion = 17.14.36429.23 d17.14
MinimumVisualStudioVersion = 10.0.40219.1
Project("{FAE04EC0-301F-11D3-BF4B-00C04F79EFBC}") = "MyClassLine", "MyClassLine.csproj", "{8532C884-EB21-4E97-A4D2-E06CAA4372D0}"
EndProject
Global
	GlobalSection(SolutionConfigurationPlatforms) = preSolution
		Debug|Any CPU = Debug|Any CPU
		Release|Any CPU = Release|Any CPU
	EndGlobalSection
	GlobalSection(ProjectConfigurationPlatforms) = postSolution
		{8532C884-EB21-4E97-A4D2-E06CAA4372D0}.Debug|Any CPU.ActiveCfg = Debug|Any CPU
		{8532C884-EB21-4E97-A4D2-E06CAA4372D0}.Debug|Any CPU.Build.0 = Debug|Any CPU
		{8532C884-EB21-4E97-A4D2-E06CAA4372D0}.Release|Any CPU.ActiveCfg = Release|Any CPU
		{8532C884-EB21-4E97-A4D2-E06CAA4372D0}.Release|Any CPU.Build.0 = Release|Any CPU
	EndGlobalSection
	GlobalSection(SolutionProperties) = preSolution
		HideSolutionNode = FALSE
	EndGlobalSection
	GlobalSection(ExtensibilityGlobals) = postSolution
		SolutionGuid = {7646C2BB-B7A9-4A52-AD9F-CD87E095F2D2}
	EndGlobalSection
EndGlobal
